
Microsoft Visual Studio Solution File, Format Version 12.00
# Visual Studio 14
VisualStudioVersion = 14.0.24720.0
MinimumVisualStudioVersion = 10.0.40219.1
Project("{FAE04EC0-301F-11D3-BF4B-00C04F79EFBC}") = "BookCatalog.UI", "BookCatalog.UI\BookCatalog.UI.csproj", "{D1BAB331-124D-42D1-B1EF-8F6E1F8E8FDA}"
	ProjectSection(ProjectDependencies) = postProject
		{27F4558B-AB69-4CB8-BC5B-2D1E98AFB90E} = {27F4558B-AB69-4CB8-BC5B-2D1E98AFB90E}
		{ACA84EBE-B272-47E4-BDCD-8364035E3A03} = {ACA84EBE-B272-47E4-BDCD-8364035E3A03}
	EndProjectSection
EndProject
Project("{FAE04EC0-301F-11D3-BF4B-00C04F79EFBC}") = "BookCatalog.BusinessLogic", "BookCatalog.BusinessLogic\BookCatalog.BusinessLogic.csproj", "{89544EAF-CCA2-4A44-82AA-3E6B086FD3CA}"
EndProject
Project("{FAE04EC0-301F-11D3-BF4B-00C04F79EFBC}") = "BookCatalog.Infrastructure", "BookCatalog.Infrastructure\BookCatalog.Infrastructure.csproj", "{4EA7A47A-FF7D-47A1-8D34-4B29F262D7E1}"
EndProject
Project("{FAE04EC0-301F-11D3-BF4B-00C04F79EFBC}") = "BookCatalog.DAL", "BookCatalog.DAL\BookCatalog.DAL.csproj", "{1E2A569E-0D14-42FF-92C3-5CB2ACEF6543}"
EndProject
Project("{FAE04EC0-301F-11D3-BF4B-00C04F79EFBC}") = "BookCatalog.WcfService", "BookCatalog.WcfService\BookCatalog.WcfService.csproj", "{ACA84EBE-B272-47E4-BDCD-8364035E3A03}"
EndProject
Project("{FAE04EC0-301F-11D3-BF4B-00C04F79EFBC}") = "BookCatalog.Components", "BookCatalog.Components\BookCatalog.Components.csproj", "{0F17F994-5D9A-4373-84E1-F5EB9B36EC5D}"
EndProject
Project("{FAE04EC0-301F-11D3-BF4B-00C04F79EFBC}") = "BookCatalog.WebService", "BookCatalog.WebService\BookCatalog.WebService.csproj", "{27F4558B-AB69-4CB8-BC5B-2D1E98AFB90E}"
EndProject
Project("{2150E333-8FDC-42A3-9474-1A3956D46DE8}") = "BookCatalog.DataBase", "BookCatalog.DataBase", "{6A7D9653-7277-4645-9EBC-B1CA05F80D38}"
	ProjectSection(SolutionItems) = preProject
		BookCatalog.DataBase111\BookCatalogDb.mdf = BookCatalog.DataBase111\BookCatalogDb.mdf
		BookCatalog.DataBase111\BookCatalogDb_log.ldf = BookCatalog.DataBase111\BookCatalogDb_log.ldf
	EndProjectSection
EndProject
Project("{FAE04EC0-301F-11D3-BF4B-00C04F79EFBC}") = "BookCatalog.LoadTest", "BookCatalog.LoadTest\BookCatalog.LoadTest.csproj", "{63DC1178-627B-411D-A55D-882E979F9EBC}"
EndProject
Project("{2150E333-8FDC-42A3-9474-1A3956D46DE8}") = "Solution Items", "Solution Items", "{D609E20A-4186-453F-8D52-F86751FC7045}"
	ProjectSection(SolutionItems) = preProject
		Local.testsettings = Local.testsettings
	EndProjectSection
EndProject
Project("{FAE04EC0-301F-11D3-BF4B-00C04F79EFBC}") = "BookCatalog.Services", "BookCatalog.Services\BookCatalog.Services.csproj", "{B8233267-8A6E-406E-ADAA-8F7B493B0FFF}"
	ProjectSection(ProjectDependencies) = postProject
		{27F4558B-AB69-4CB8-BC5B-2D1E98AFB90E} = {27F4558B-AB69-4CB8-BC5B-2D1E98AFB90E}
		{ACA84EBE-B272-47E4-BDCD-8364035E3A03} = {ACA84EBE-B272-47E4-BDCD-8364035E3A03}
	EndProjectSection
EndProject
Project("{FAE04EC0-301F-11D3-BF4B-00C04F79EFBC}") = "BookCatalog.Bootstrap", "BookCatalog.Bootstrap\BookCatalog.Bootstrap.csproj", "{27FB2F94-2421-4D4E-A923-BF569E89E444}"
EndProject
Project("{FAE04EC0-301F-11D3-BF4B-00C04F79EFBC}") = "BookCatalog.ServicesBootstrap", "ServicesBootstrap\BookCatalog.ServicesBootstrap.csproj", "{0077FEEA-E6B8-4388-AE90-443E0371649D}"
EndProject
Project("{2150E333-8FDC-42A3-9474-1A3956D46DE8}") = "Common", "Common", "{06C31C8F-CA49-49AE-A7C0-50AAA5B0C760}"
EndProject
Project("{2150E333-8FDC-42A3-9474-1A3956D46DE8}") = "Data", "Data", "{96108CA4-5819-4E2D-BB89-A615A28A3388}"
EndProject
Project("{2150E333-8FDC-42A3-9474-1A3956D46DE8}") = "UI", "UI", "{0052D9BB-CCD6-46F2-A48B-8A60AC72E101}"
EndProject
Project("{2150E333-8FDC-42A3-9474-1A3956D46DE8}") = "Testing", "Testing", "{FDCEA924-EA36-4A69-8487-4BE1210DDF5C}"
EndProject
Project("{2150E333-8FDC-42A3-9474-1A3956D46DE8}") = "Services", "Services", "{A614EC97-5BAC-4549-A861-D6B607202B3F}"
EndProject
Global
	GlobalSection(SolutionConfigurationPlatforms) = preSolution
		Debug|Any CPU = Debug|Any CPU
		Release|Any CPU = Release|Any CPU
	EndGlobalSection
	GlobalSection(ProjectConfigurationPlatforms) = postSolution
		{D1BAB331-124D-42D1-B1EF-8F6E1F8E8FDA}.Debug|Any CPU.ActiveCfg = Debug|Any CPU
		{D1BAB331-124D-42D1-B1EF-8F6E1F8E8FDA}.Debug|Any CPU.Build.0 = Debug|Any CPU
		{D1BAB331-124D-42D1-B1EF-8F6E1F8E8FDA}.Release|Any CPU.ActiveCfg = Release|Any CPU
		{D1BAB331-124D-42D1-B1EF-8F6E1F8E8FDA}.Release|Any CPU.Build.0 = Release|Any CPU
		{89544EAF-CCA2-4A44-82AA-3E6B086FD3CA}.Debug|Any CPU.ActiveCfg = Debug|Any CPU
		{89544EAF-CCA2-4A44-82AA-3E6B086FD3CA}.Debug|Any CPU.Build.0 = Debug|Any CPU
		{89544EAF-CCA2-4A44-82AA-3E6B086FD3CA}.Release|Any CPU.ActiveCfg = Release|Any CPU
		{89544EAF-CCA2-4A44-82AA-3E6B086FD3CA}.Release|Any CPU.Build.0 = Release|Any CPU
		{4EA7A47A-FF7D-47A1-8D34-4B29F262D7E1}.Debug|Any CPU.ActiveCfg = Debug|Any CPU
		{4EA7A47A-FF7D-47A1-8D34-4B29F262D7E1}.Debug|Any CPU.Build.0 = Debug|Any CPU
		{4EA7A47A-FF7D-47A1-8D34-4B29F262D7E1}.Release|Any CPU.ActiveCfg = Release|Any CPU
		{4EA7A47A-FF7D-47A1-8D34-4B29F262D7E1}.Release|Any CPU.Build.0 = Release|Any CPU
		{1E2A569E-0D14-42FF-92C3-5CB2ACEF6543}.Debug|Any CPU.ActiveCfg = Debug|Any CPU
		{1E2A569E-0D14-42FF-92C3-5CB2ACEF6543}.Debug|Any CPU.Build.0 = Debug|Any CPU
		{1E2A569E-0D14-42FF-92C3-5CB2ACEF6543}.Release|Any CPU.ActiveCfg = Release|Any CPU
		{1E2A569E-0D14-42FF-92C3-5CB2ACEF6543}.Release|Any CPU.Build.0 = Release|Any CPU
		{ACA84EBE-B272-47E4-BDCD-8364035E3A03}.Debug|Any CPU.ActiveCfg = Debug|Any CPU
		{ACA84EBE-B272-47E4-BDCD-8364035E3A03}.Debug|Any CPU.Build.0 = Debug|Any CPU
		{ACA84EBE-B272-47E4-BDCD-8364035E3A03}.Release|Any CPU.ActiveCfg = Release|Any CPU
		{ACA84EBE-B272-47E4-BDCD-8364035E3A03}.Release|Any CPU.Build.0 = Release|Any CPU
		{0F17F994-5D9A-4373-84E1-F5EB9B36EC5D}.Debug|Any CPU.ActiveCfg = Debug|Any CPU
		{0F17F994-5D9A-4373-84E1-F5EB9B36EC5D}.Debug|Any CPU.Build.0 = Debug|Any CPU
		{0F17F994-5D9A-4373-84E1-F5EB9B36EC5D}.Release|Any CPU.ActiveCfg = Release|Any CPU
		{0F17F994-5D9A-4373-84E1-F5EB9B36EC5D}.Release|Any CPU.Build.0 = Release|Any CPU
		{27F4558B-AB69-4CB8-BC5B-2D1E98AFB90E}.Debug|Any CPU.ActiveCfg = Debug|Any CPU
		{27F4558B-AB69-4CB8-BC5B-2D1E98AFB90E}.Debug|Any CPU.Build.0 = Debug|Any CPU
		{27F4558B-AB69-4CB8-BC5B-2D1E98AFB90E}.Release|Any CPU.ActiveCfg = Release|Any CPU
		{27F4558B-AB69-4CB8-BC5B-2D1E98AFB90E}.Release|Any CPU.Build.0 = Release|Any CPU
		{63DC1178-627B-411D-A55D-882E979F9EBC}.Debug|Any CPU.ActiveCfg = Debug|Any CPU
		{63DC1178-627B-411D-A55D-882E979F9EBC}.Debug|Any CPU.Build.0 = Debug|Any CPU
		{63DC1178-627B-411D-A55D-882E979F9EBC}.Release|Any CPU.ActiveCfg = Release|Any CPU
		{63DC1178-627B-411D-A55D-882E979F9EBC}.Release|Any CPU.Build.0 = Release|Any CPU
		{B8233267-8A6E-406E-ADAA-8F7B493B0FFF}.Debug|Any CPU.ActiveCfg = Debug|Any CPU
		{B8233267-8A6E-406E-ADAA-8F7B493B0FFF}.Debug|Any CPU.Build.0 = Debug|Any CPU
		{B8233267-8A6E-406E-ADAA-8F7B493B0FFF}.Release|Any CPU.ActiveCfg = Release|Any CPU
		{B8233267-8A6E-406E-ADAA-8F7B493B0FFF}.Release|Any CPU.Build.0 = Release|Any CPU
		{27FB2F94-2421-4D4E-A923-BF569E89E444}.Debug|Any CPU.ActiveCfg = Debug|Any CPU
		{27FB2F94-2421-4D4E-A923-BF569E89E444}.Debug|Any CPU.Build.0 = Debug|Any CPU
		{27FB2F94-2421-4D4E-A923-BF569E89E444}.Release|Any CPU.ActiveCfg = Release|Any CPU
		{27FB2F94-2421-4D4E-A923-BF569E89E444}.Release|Any CPU.Build.0 = Release|Any CPU
		{0077FEEA-E6B8-4388-AE90-443E0371649D}.Debug|Any CPU.ActiveCfg = Debug|Any CPU
		{0077FEEA-E6B8-4388-AE90-443E0371649D}.Debug|Any CPU.Build.0 = Debug|Any CPU
		{0077FEEA-E6B8-4388-AE90-443E0371649D}.Release|Any CPU.ActiveCfg = Release|Any CPU
		{0077FEEA-E6B8-4388-AE90-443E0371649D}.Release|Any CPU.Build.0 = Release|Any CPU
	EndGlobalSection
	GlobalSection(SolutionProperties) = preSolution
		HideSolutionNode = FALSE
	EndGlobalSection
	GlobalSection(NestedProjects) = preSolution
		{D1BAB331-124D-42D1-B1EF-8F6E1F8E8FDA} = {0052D9BB-CCD6-46F2-A48B-8A60AC72E101}
		{89544EAF-CCA2-4A44-82AA-3E6B086FD3CA} = {96108CA4-5819-4E2D-BB89-A615A28A3388}
		{4EA7A47A-FF7D-47A1-8D34-4B29F262D7E1} = {06C31C8F-CA49-49AE-A7C0-50AAA5B0C760}
		{1E2A569E-0D14-42FF-92C3-5CB2ACEF6543} = {96108CA4-5819-4E2D-BB89-A615A28A3388}
		{ACA84EBE-B272-47E4-BDCD-8364035E3A03} = {A614EC97-5BAC-4549-A861-D6B607202B3F}
		{0F17F994-5D9A-4373-84E1-F5EB9B36EC5D} = {06C31C8F-CA49-49AE-A7C0-50AAA5B0C760}
		{27F4558B-AB69-4CB8-BC5B-2D1E98AFB90E} = {A614EC97-5BAC-4549-A861-D6B607202B3F}
		{63DC1178-627B-411D-A55D-882E979F9EBC} = {FDCEA924-EA36-4A69-8487-4BE1210DDF5C}
		{D609E20A-4186-453F-8D52-F86751FC7045} = {FDCEA924-EA36-4A69-8487-4BE1210DDF5C}
		{B8233267-8A6E-406E-ADAA-8F7B493B0FFF} = {0052D9BB-CCD6-46F2-A48B-8A60AC72E101}
		{27FB2F94-2421-4D4E-A923-BF569E89E444} = {0052D9BB-CCD6-46F2-A48B-8A60AC72E101}
		{0077FEEA-E6B8-4388-AE90-443E0371649D} = {A614EC97-5BAC-4549-A861-D6B607202B3F}
	EndGlobalSection
EndGlobal
